
Microsoft Visual Studio Solution File, Format Version 12.00
# Visual Studio 2013
VisualStudioVersion = 12.0.31101.0
MinimumVisualStudioVersion = 10.0.40219.1
Project("{FAE04EC0-301F-11D3-BF4B-00C04F79EFBC}") = "JetBlack.WpfTreeView", "JetBlack.WpfTreeView\JetBlack.WpfTreeView.csproj", "{80EBEB4F-A48B-4DB1-8F8B-0609DCA01C9A}"
EndProject
Project("{2150E333-8FDC-42A3-9474-1A3956D46DE8}") = "Examples", "Examples", "{E0A152AA-B8FE-4060-A5A7-5EEC1F252EDE}"
EndProject
Project("{FAE04EC0-301F-11D3-BF4B-00C04F79EFBC}") = "JetBlack.Examples.TreeViewTest", "JetBlack.Examples.TreeViewTest\JetBlack.Examples.TreeViewTest.csproj", "{79A73C30-72D4-4289-92D6-BA5A440ADA9C}"
EndProject
Project("{2150E333-8FDC-42A3-9474-1A3956D46DE8}") = "Solution Items", "Solution Items", "{C1F673F1-CC8A-4DA2-9155-B9B1C6E8045A}"
	ProjectSection(SolutionItems) = preProject
		README.md = README.md
	EndProjectSection
EndProject
Global
	GlobalSection(SolutionConfigurationPlatforms) = preSolution
		Debug|Any CPU = Debug|Any CPU
		Release|Any CPU = Release|Any CPU
	EndGlobalSection
	GlobalSection(ProjectConfigurationPlatforms) = postSolution
		{80EBEB4F-A48B-4DB1-8F8B-0609DCA01C9A}.Debug|Any CPU.ActiveCfg = Debug|Any CPU
		{80EBEB4F-A48B-4DB1-8F8B-0609DCA01C9A}.Debug|Any CPU.Build.0 = Debug|Any CPU
		{80EBEB4F-A48B-4DB1-8F8B-0609DCA01C9A}.Release|Any CPU.ActiveCfg = Release|Any CPU
		{80EBEB4F-A48B-4DB1-8F8B-0609DCA01C9A}.Release|Any CPU.Build.0 = Release|Any CPU
		{79A73C30-72D4-4289-92D6-BA5A440ADA9C}.Debug|Any CPU.ActiveCfg = Debug|Any CPU
		{79A73C30-72D4-4289-92D6-BA5A440ADA9C}.Debug|Any CPU.Build.0 = Debug|Any CPU
		{79A73C30-72D4-4289-92D6-BA5A440ADA9C}.Release|Any CPU.ActiveCfg = Release|Any CPU
		{79A73C30-72D4-4289-92D6-BA5A440ADA9C}.Release|Any CPU.Build.0 = Release|Any CPU
	EndGlobalSection
	GlobalSection(SolutionProperties) = preSolution
		HideSolutionNode = FALSE
	EndGlobalSection
	GlobalSection(NestedProjects) = preSolution
		{79A73C30-72D4-4289-92D6-BA5A440ADA9C} = {E0A152AA-B8FE-4060-A5A7-5EEC1F252EDE}
	EndGlobalSection
EndGlobal
